# THIS IS AN AUTOGENERATED FILE. DO NOT EDIT THIS FILE DIRECTLY.
# yarn lockfile v1


"@playwright/test@^1.25.2":
  version "1.25.2"
  resolved "https://registry.yarnpkg.com/@playwright/test/-/test-1.25.2.tgz#e726cf4844f096315c3954fdb3abf295cede43ba"
  integrity sha512-6qPznIR4Fw02OMbqXUPMG6bFFg1hDVNEdihKy0t9K0dmRbus1DyP5Q5XFQhGwEHQkLG5hrSfBuu9CW/foqhQHQ==
  dependencies:
    "@types/node" "*"
    playwright-core "1.25.2"

"@types/node@*":
  version "18.7.18"
  resolved "https://registry.yarnpkg.com/@types/node/-/node-18.7.18.tgz#633184f55c322e4fb08612307c274ee6d5ed3154"
  integrity sha512-m+6nTEOadJZuTPkKR/SYK3A2d7FZrgElol9UP1Kae90VVU4a6mxnPuLiIW1m4Cq4gZ/nWb9GrdVXJCoCazDAbg==

playwright-core@1.25.2:
  version "1.25.2"
  resolved "https://registry.yarnpkg.com/playwright-core/-/playwright-core-1.25.2.tgz#ea4baa398a4d45fcdfe48799482b599e3d0f033f"
  integrity sha512-0yTbUE9lIddkEpLHL3u8PoCL+pWiZtj5A/j3U7YoNjcmKKDGBnCrgHJMzwd2J5vy6l28q4ki3JIuz7McLHhl1A==
